// !$*UTF8*$!
{
	archiveVersion = 1;
	classes = {
	};
	objectVersion = 56;
	objects = {

/* Begin PBXBuildFile section */
		29CEFF8B2C306271007A6051 /* QuickClipsApp.swift in Sources */ = {isa = PBXBuildFile; fileRef = 29CEFF8A2C306271007A6051 /* QuickClipsApp.swift */; };
		29CEFF8D2C306271007A6051 /* ContentView.swift in Sources */ = {isa = PBXBuildFile; fileRef = 29CEFF8C2C306271007A6051 /* ContentView.swift */; };
		29CEFF8F2C306272007A6051 /* Assets.xcassets in Resources */ = {isa = PBXBuildFile; fileRef = 29CEFF8E2C306272007A6051 /* Assets.xcassets */; };
		29CEFF932C306272007A6051 /* Preview Assets.xcassets in Resources */ = {isa = PBXBuildFile; fileRef = 29CEFF922C306272007A6051 /* Preview Assets.xcassets */; };
		29CEFF9D2C306272007A6051 /* QuickClipsTests.swift in Sources */ = {isa = PBXBuildFile; fileRef = 29CEFF9C2C306272007A6051 /* QuickClipsTests.swift */; };
		29CEFFA72C306272007A6051 /* QuickClipsUITests.swift in Sources */ = {isa = PBXBuildFile; fileRef = 29CEFFA62C306272007A6051 /* QuickClipsUITests.swift */; };
		29CEFFA92C306272007A6051 /* QuickClipsUITestsLaunchTests.swift in Sources */ = {isa = PBXBuildFile; fileRef = 29CEFFA82C306272007A6051 /* QuickClipsUITestsLaunchTests.swift */; };
/* End PBXBuildFile section */

/* Begin PBXContainerItemProxy section */
		29CEFF992C306272007A6051 /* PBXContainerItemProxy */ = {
			isa = PBXContainerItemProxy;
			containerPortal = 29CEFF7F2C306271007A6051 /* Project object */;
			proxyType = 1;
			remoteGlobalIDString = 29CEFF862C306271007A6051;
			remoteInfo = QuickClips;
		};
		29CEFFA32C306272007A6051 /* PBXContainerItemProxy */ = {
			isa = PBXContainerItemProxy;
			containerPortal = 29CEFF7F2C306271007A6051 /* Project object */;
			proxyType = 1;
			remoteGlobalIDString = 29CEFF862C306271007A6051;
			remoteInfo = QuickClips;
		};
/* End PBXContainerItemProxy section */

/* Begin PBXFileReference section */
		29CEFF872C306271007A6051 /* QuickClips.app */ = {isa = PBXFileReference; explicitFileType = wrapper.application; includeInIndex = 0; path = QuickClips.app; sourceTree = BUILT_PRODUCTS_DIR; };
		29CEFF8A2C306271007A6051 /* QuickClipsApp.swift */ = {isa = PBXFileReference; lastKnownFileType = sourcecode.swift; path = QuickClipsApp.swift; sourceTree = "<group>"; };
		29CEFF8C2C306271007A6051 /* ContentView.swift */ = {isa = PBXFileReference; lastKnownFileType = sourcecode.swift; path = ContentView.swift; sourceTree = "<group>"; };
		29CEFF8E2C306272007A6051 /* Assets.xcassets */ = {isa = PBXFileReference; lastKnownFileType = folder.assetcatalog; path = Assets.xcassets; sourceTree = "<group>"; };
		29CEFF902C306272007A6051 /* QuickClips.entitlements */ = {isa = PBXFileReference; lastKnownFileType = text.plist.entitlements; path = QuickClips.entitlements; sourceTree = "<group>"; };
		29CEFF922C306272007A6051 /* Preview Assets.xcassets */ = {isa = PBXFileReference; lastKnownFileType = folder.assetcatalog; path = "Preview Assets.xcassets"; sourceTree = "<group>"; };
		29CEFF982C306272007A6051 /* QuickClipsTests.xctest */ = {isa = PBXFileReference; explicitFileType = wrapper.cfbundle; includeInIndex = 0; path = QuickClipsTests.xctest; sourceTree = BUILT_PRODUCTS_DIR; };
		29CEFF9C2C306272007A6051 /* QuickClipsTests.swift */ = {isa = PBXFileReference; lastKnownFileType = sourcecode.swift; path = QuickClipsTests.swift; sourceTree = "<group>"; };
		29CEFFA22C306272007A6051 /* QuickClipsUITests.xctest */ = {isa = PBXFileReference; explicitFileType = wrapper.cfbundle; includeInIndex = 0; path = QuickClipsUITests.xctest; sourceTree = BUILT_PRODUCTS_DIR; };
		29CEFFA62C306272007A6051 /* QuickClipsUITests.swift */ = {isa = PBXFileReference; lastKnownFileType = sourcecode.swift; path = QuickClipsUITests.swift; sourceTree = "<group>"; };
		29CEFFA82C306272007A6051 /* QuickClipsUITestsLaunchTests.swift */ = {isa = PBXFileReference; lastKnownFileType = sourcecode.swift; path = QuickClipsUITestsLaunchTests.swift; sourceTree = "<group>"; };
/* End PBXFileReference section */

/* Begin PBXFrameworksBuildPhase section */
		29CEFF842C306271007A6051 /* Frameworks */ = {
			isa = PBXFrameworksBuildPhase;
			buildActionMask = 2147483647;
			files = (
			);
			runOnlyForDeploymentPostprocessing = 0;
		};
		29CEFF952C306272007A6051 /* Frameworks */ = {
			isa = PBXFrameworksBuildPhase;
			buildActionMask = 2147483647;
			files = (
			);
			runOnlyForDeploymentPostprocessing = 0;
		};
		29CEFF9F2C306272007A6051 /* Frameworks */ = {
			isa = PBXFrameworksBuildPhase;
			buildActionMask = 2147483647;
			files = (
			);
			runOnlyForDeploymentPostprocessing = 0;
		};
/* End PBXFrameworksBuildPhase section */

/* Begin PBXGroup section */
		29CEFF7E2C306271007A6051 = {
			isa = PBXGroup;
			children = (
				29CEFF892C306271007A6051 /* QuickClips */,
				29CEFF9B2C306272007A6051 /* QuickClipsTests */,
				29CEFFA52C306272007A6051 /* QuickClipsUITests */,
				29CEFF882C306271007A6051 /* Products */,
			);
			sourceTree = "<group>";
		};
		29CEFF882C306271007A6051 /* Products */ = {
			isa = PBXGroup;
			children = (
				29CEFF872C306271007A6051 /* QuickClips.app */,
				29CEFF982C306272007A6051 /* QuickClipsTests.xctest */,
				29CEFFA22C306272007A6051 /* QuickClipsUITests.xctest */,
			);
			name = Products;
			sourceTree = "<group>";
		};
		29CEFF892C306271007A6051 /* QuickClips */ = {
			isa = PBXGroup;
			children = (
				29CEFF8A2C306271007A6051 /* QuickClipsApp.swift */,
				29CEFF8C2C306271007A6051 /* ContentView.swift */,
				29CEFF8E2C306272007A6051 /* Assets.xcassets */,
				29CEFF902C306272007A6051 /* QuickClips.entitlements */,
				29CEFF912C306272007A6051 /* Preview Content */,
			);
			path = QuickClips;
			sourceTree = "<group>";
		};
		29CEFF912C306272007A6051 /* Preview Content */ = {
			isa = PBXGroup;
			children = (
				29CEFF922C306272007A6051 /* Preview Assets.xcassets */,
			);
			path = "Preview Content";
			sourceTree = "<group>";
		};
		29CEFF9B2C306272007A6051 /* QuickClipsTests */ = {
			isa = PBXGroup;
			children = (
				29CEFF9C2C306272007A6051 /* QuickClipsTests.swift */,
			);
			path = QuickClipsTests;
			sourceTree = "<group>";
		};
		29CEFFA52C306272007A6051 /* QuickClipsUITests */ = {
			isa = PBXGroup;
			children = (
				29CEFFA62C306272007A6051 /* QuickClipsUITests.swift */,
				29CEFFA82C306272007A6051 /* QuickClipsUITestsLaunchTests.swift */,
			);
			path = QuickClipsUITests;
			sourceTree = "<group>";
		};
/* End PBXGroup section */

/* Begin PBXNativeTarget section */
		29CEFF862C306271007A6051 /* QuickClips */ = {
			isa = PBXNativeTarget;
			buildConfigurationList = 29CEFFAC2C306272007A6051 /* Build configuration list for PBXNativeTarget "QuickClips" */;
			buildPhases = (
				29CEFF832C306271007A6051 /* Sources */,
				29CEFF842C306271007A6051 /* Frameworks */,
				29CEFF852C306271007A6051 /* Resources */,
			);
			buildRules = (
			);
			dependencies = (
			);
			name = QuickClips;
			productName = QuickClips;
			productReference = 29CEFF872C306271007A6051 /* QuickClips.app */;
			productType = "com.apple.product-type.application";
		};
		29CEFF972C306272007A6051 /* QuickClipsTests */ = {
			isa = PBXNativeTarget;
			buildConfigurationList = 29CEFFAF2C306272007A6051 /* Build configuration list for PBXNativeTarget "QuickClipsTests" */;
			buildPhases = (
				29CEFF942C306272007A6051 /* Sources */,
				29CEFF952C306272007A6051 /* Frameworks */,
				29CEFF962C306272007A6051 /* Resources */,
			);
			buildRules = (
			);
			dependencies = (
				29CEFF9A2C306272007A6051 /* PBXTargetDependency */,
			);
			name = QuickClipsTests;
			productName = QuickClipsTests;
			productReference = 29CEFF982C306272007A6051 /* QuickClipsTests.xctest */;
			productType = "com.apple.product-type.bundle.unit-test";
		};
		29CEFFA12C306272007A6051 /* QuickClipsUITests */ = {
			isa = PBXNativeTarget;
			buildConfigurationList = 29CEFFB22C306272007A6051 /* Build configuration list for PBXNativeTarget "QuickClipsUITests" */;
			buildPhases = (
				29CEFF9E2C306272007A6051 /* Sources */,
				29CEFF9F2C306272007A6051 /* Frameworks */,
				29CEFFA02C306272007A6051 /* Resources */,
			);
			buildRules = (
			);
			dependencies = (
				29CEFFA42C306272007A6051 /* PBXTargetDependency */,
			);
			name = QuickClipsUITests;
			productName = QuickClipsUITests;
			productReference = 29CEFFA22C306272007A6051 /* QuickClipsUITests.xctest */;
			productType = "com.apple.product-type.bundle.ui-testing";
		};
/* End PBXNativeTarget section */

/* Begin PBXProject section */
		29CEFF7F2C306271007A6051 /* Project object */ = {
			isa = PBXProject;
			attributes = {
				BuildIndependentTargetsInParallel = 1;
				LastSwiftUpdateCheck = 1520;
				LastUpgradeCheck = 1520;
				TargetAttributes = {
					29CEFF862C306271007A6051 = {
						CreatedOnToolsVersion = 15.2;
					};
					29CEFF972C306272007A6051 = {
						CreatedOnToolsVersion = 15.2;
						TestTargetID = 29CEFF862C306271007A6051;
					};
					29CEFFA12C306272007A6051 = {
						CreatedOnToolsVersion = 15.2;
						TestTargetID = 29CEFF862C306271007A6051;
					};
				};
			};
			buildConfigurationList = 29CEFF822C306271007A6051 /* Build configuration list for PBXProject "QuickClips" */;
			compatibilityVersion = "Xcode 14.0";
			developmentRegion = en;
			hasScannedForEncodings = 0;
			knownRegions = (
				en,
				Base,
			);
			mainGroup = 29CEFF7E2C306271007A6051;
			productRefGroup = 29CEFF882C306271007A6051 /* Products */;
			projectDirPath = "";
			projectRoot = "";
			targets = (
				29CEFF862C306271007A6051 /* QuickClips */,
				29CEFF972C306272007A6051 /* QuickClipsTests */,
				29CEFFA12C306272007A6051 /* QuickClipsUITests */,
			);
		};
/* End PBXProject section */

/* Begin PBXResourcesBuildPhase section */
		29CEFF852C306271007A6051 /* Resources */ = {
			isa = PBXResourcesBuildPhase;
			buildActionMask = 2147483647;
			files = (
				29CEFF932C306272007A6051 /* Preview Assets.xcassets in Resources */,
				29CEFF8F2C306272007A6051 /* Assets.xcassets in Resources */,
			);
			runOnlyForDeploymentPostprocessing = 0;
		};
		29CEFF962C306272007A6051 /* Resources */ = {
			isa = PBXResourcesBuildPhase;
			buildActionMask = 2147483647;
			files = (
			);
			runOnlyForDeploymentPostprocessing = 0;
		};
		29CEFFA02C306272007A6051 /* Resources */ = {
			isa = PBXResourcesBuildPhase;
			buildActionMask = 2147483647;
			files = (
			);
			runOnlyForDeploymentPostprocessing = 0;
		};
/* End PBXResourcesBuildPhase section */

/* Begin PBXSourcesBuildPhase section */
		29CEFF832C306271007A6051 /* Sources */ = {
			isa = PBXSourcesBuildPhase;
			buildActionMask = 2147483647;
			files = (
				29CEFF8D2C306271007A6051 /* ContentView.swift in Sources */,
				29CEFF8B2C306271007A6051 /* QuickClipsApp.swift in Sources */,
			);
			runOnlyForDeploymentPostprocessing = 0;
		};
		29CEFF942C306272007A6051 /* Sources */ = {
			isa = PBXSourcesBuildPhase;
			buildActionMask = 2147483647;
			files = (
				29CEFF9D2C306272007A6051 /* QuickClipsTests.swift in Sources */,
			);
			runOnlyForDeploymentPostprocessing = 0;
		};
		29CEFF9E2C306272007A6051 /* Sources */ = {
			isa = PBXSourcesBuildPhase;
			buildActionMask = 2147483647;
			files = (
				29CEFFA92C306272007A6051 /* QuickClipsUITestsLaunchTests.swift in Sources */,
				29CEFFA72C306272007A6051 /* QuickClipsUITests.swift in Sources */,
			);
			runOnlyForDeploymentPostprocessing = 0;
		};
/* End PBXSourcesBuildPhase section */

/* Begin PBXTargetDependency section */
		29CEFF9A2C306272007A6051 /* PBXTargetDependency */ = {
			isa = PBXTargetDependency;
			target = 29CEFF862C306271007A6051 /* QuickClips */;
			targetProxy = 29CEFF992C306272007A6051 /* PBXContainerItemProxy */;
		};
		29CEFFA42C306272007A6051 /* PBXTargetDependency */ = {
			isa = PBXTargetDependency;
			target = 29CEFF862C306271007A6051 /* QuickClips */;
			targetProxy = 29CEFFA32C306272007A6051 /* PBXContainerItemProxy */;
		};
/* End PBXTargetDependency section */

/* Begin XCBuildConfiguration section */
		29CEFFAA2C306272007A6051 /* Debug */ = {
			isa = XCBuildConfiguration;
			buildSettings = {
				ALWAYS_SEARCH_USER_PATHS = NO;
				ASSETCATALOG_COMPILER_GENERATE_SWIFT_ASSET_SYMBOL_EXTENSIONS = YES;
				CLANG_ANALYZER_NONNULL = YES;
				CLANG_ANALYZER_NUMBER_OBJECT_CONVERSION = YES_AGGRESSIVE;
				CLANG_CXX_LANGUAGE_STANDARD = "gnu++20";
				CLANG_ENABLE_MODULES = YES;
				CLANG_ENABLE_OBJC_ARC = YES;
				CLANG_ENABLE_OBJC_WEAK = YES;
				CLANG_WARN_BLOCK_CAPTURE_AUTORELEASING = YES;
				CLANG_WARN_BOOL_CONVERSION = YES;
				CLANG_WARN_COMMA = YES;
				CLANG_WARN_CONSTANT_CONVERSION = YES;
				CLANG_WARN_DEPRECATED_OBJC_IMPLEMENTATIONS = YES;
				CLANG_WARN_DIRECT_OBJC_ISA_USAGE = YES_ERROR;
				CLANG_WARN_DOCUMENTATION_COMMENTS = YES;
				CLANG_WARN_EMPTY_BODY = YES;
				CLANG_WARN_ENUM_CONVERSION = YES;
				CLANG_WARN_INFINITE_RECURSION = YES;
				CLANG_WARN_INT_CONVERSION = YES;
				CLANG_WARN_NON_LITERAL_NULL_CONVERSION = YES;
				CLANG_WARN_OBJC_IMPLICIT_RETAIN_SELF = YES;
				CLANG_WARN_OBJC_LITERAL_CONVERSION = YES;
				CLANG_WARN_OBJC_ROOT_CLASS = YES_ERROR;
				CLANG_WARN_QUOTED_INCLUDE_IN_FRAMEWORK_HEADER = YES;
				CLANG_WARN_RANGE_LOOP_ANALYSIS = YES;
				CLANG_WARN_STRICT_PROTOTYPES = YES;
				CLANG_WARN_SUSPICIOUS_MOVE = YES;
				CLANG_WARN_UNGUARDED_AVAILABILITY = YES_AGGRESSIVE;
				CLANG_WARN_UNREACHABLE_CODE = YES;
				CLANG_WARN__DUPLICATE_METHOD_MATCH = YES;
				COPY_PHASE_STRIP = NO;
				DEBUG_INFORMATION_FORMAT = dwarf;
				ENABLE_STRICT_OBJC_MSGSEND = YES;
				ENABLE_TESTABILITY = YES;
				ENABLE_USER_SCRIPT_SANDBOXING = YES;
				GCC_C_LANGUAGE_STANDARD = gnu17;
				GCC_DYNAMIC_NO_PIC = NO;
				GCC_NO_COMMON_BLOCKS = YES;
				GCC_OPTIMIZATION_LEVEL = 0;
				GCC_PREPROCESSOR_DEFINITIONS = (
					"DEBUG=1",
					"$(inherited)",
				);
				GCC_WARN_64_TO_32_BIT_CONVERSION = YES;
				GCC_WARN_ABOUT_RETURN_TYPE = YES_ERROR;
				GCC_WARN_UNDECLARED_SELECTOR = YES;
				GCC_WARN_UNINITIALIZED_AUTOS = YES_AGGRESSIVE;
				GCC_WARN_UNUSED_FUNCTION = YES;
				GCC_WARN_UNUSED_VARIABLE = YES;
				LOCALIZATION_PREFERS_STRING_CATALOGS = YES;
				MTL_ENABLE_DEBUG_INFO = INCLUDE_SOURCE;
				MTL_FAST_MATH = YES;
				ONLY_ACTIVE_ARCH = YES;
				SWIFT_ACTIVE_COMPILATION_CONDITIONS = "DEBUG $(inherited)";
				SWIFT_OPTIMIZATION_LEVEL = "-Onone";
			};
			name = Debug;
		};
		29CEFFAB2C306272007A6051 /* Release */ = {
			isa = XCBuildConfiguration;
			buildSettings = {
				ALWAYS_SEARCH_USER_PATHS = NO;
				ASSETCATALOG_COMPILER_GENERATE_SWIFT_ASSET_SYMBOL_EXTENSIONS = YES;
				CLANG_ANALYZER_NONNULL = YES;
				CLANG_ANALYZER_NUMBER_OBJECT_CONVERSION = YES_AGGRESSIVE;
				CLANG_CXX_LANGUAGE_STANDARD = "gnu++20";
				CLANG_ENABLE_MODULES = YES;
				CLANG_ENABLE_OBJC_ARC = YES;
				CLANG_ENABLE_OBJC_WEAK = YES;
				CLANG_WARN_BLOCK_CAPTURE_AUTORELEASING = YES;
				CLANG_WARN_BOOL_CONVERSION = YES;
				CLANG_WARN_COMMA = YES;
				CLANG_WARN_CONSTANT_CONVERSION = YES;
				CLANG_WARN_DEPRECATED_OBJC_IMPLEMENTATIONS = YES;
				CLANG_WARN_DIRECT_OBJC_ISA_USAGE = YES_ERROR;
				CLANG_WARN_DOCUMENTATION_COMMENTS = YES;
				CLANG_WARN_EMPTY_BODY = YES;
				CLANG_WARN_ENUM_CONVERSION = YES;
				CLANG_WARN_INFINITE_RECURSION = YES;
				CLANG_WARN_INT_CONVERSION = YES;
				CLANG_WARN_NON_LITERAL_NULL_CONVERSION = YES;
				CLANG_WARN_OBJC_IMPLICIT_RETAIN_SELF = YES;
				CLANG_WARN_OBJC_LITERAL_CONVERSION = YES;
				CLANG_WARN_OBJC_ROOT_CLASS = YES_ERROR;
				CLANG_WARN_QUOTED_INCLUDE_IN_FRAMEWORK_HEADER = YES;
				CLANG_WARN_RANGE_LOOP_ANALYSIS = YES;
				CLANG_WARN_STRICT_PROTOTYPES = YES;
				CLANG_WARN_SUSPICIOUS_MOVE = YES;
				CLANG_WARN_UNGUARDED_AVAILABILITY = YES_AGGRESSIVE;
				CLANG_WARN_UNREACHABLE_CODE = YES;
				CLANG_WARN__DUPLICATE_METHOD_MATCH = YES;
				COPY_PHASE_STRIP = NO;
				DEBUG_INFORMATION_FORMAT = "dwarf-with-dsym";
				ENABLE_NS_ASSERTIONS = NO;
				ENABLE_STRICT_OBJC_MSGSEND = YES;
				ENABLE_USER_SCRIPT_SANDBOXING = YES;
				GCC_C_LANGUAGE_STANDARD = gnu17;
				GCC_NO_COMMON_BLOCKS = YES;
				GCC_WARN_64_TO_32_BIT_CONVERSION = YES;
				GCC_WARN_ABOUT_RETURN_TYPE = YES_ERROR;
				GCC_WARN_UNDECLARED_SELECTOR = YES;
				GCC_WARN_UNINITIALIZED_AUTOS = YES_AGGRESSIVE;
				GCC_WARN_UNUSED_FUNCTION = YES;
				GCC_WARN_UNUSED_VARIABLE = YES;
				LOCALIZATION_PREFERS_STRING_CATALOGS = YES;
				MTL_ENABLE_DEBUG_INFO = NO;
				MTL_FAST_MATH = YES;
				SWIFT_COMPILATION_MODE = wholemodule;
			};
			name = Release;
		};
		29CEFFAD2C306272007A6051 /* Debug */ = {
			isa = XCBuildConfiguration;
			buildSettings = {
				ASSETCATALOG_COMPILER_APPICON_NAME = AppIcon;
				ASSETCATALOG_COMPILER_GLOBAL_ACCENT_COLOR_NAME = AccentColor;
				CODE_SIGN_ENTITLEMENTS = QuickClips/QuickClips.entitlements;
				CODE_SIGN_STYLE = Automatic;
				CURRENT_PROJECT_VERSION = 1;
				DEVELOPMENT_ASSET_PATHS = "\"QuickClips/Preview Content\"";
				DEVELOPMENT_TEAM = K6U638A2QB;
				ENABLE_HARDENED_RUNTIME = YES;
				ENABLE_PREVIEWS = YES;
				GENERATE_INFOPLIST_FILE = YES;
				"INFOPLIST_KEY_UIApplicationSceneManifest_Generation[sdk=iphoneos*]" = YES;
				"INFOPLIST_KEY_UIApplicationSceneManifest_Generation[sdk=iphonesimulator*]" = YES;
				"INFOPLIST_KEY_UIApplicationSupportsIndirectInputEvents[sdk=iphoneos*]" = YES;
				"INFOPLIST_KEY_UIApplicationSupportsIndirectInputEvents[sdk=iphonesimulator*]" = YES;
				"INFOPLIST_KEY_UILaunchScreen_Generation[sdk=iphoneos*]" = YES;
				"INFOPLIST_KEY_UILaunchScreen_Generation[sdk=iphonesimulator*]" = YES;
				"INFOPLIST_KEY_UIStatusBarStyle[sdk=iphoneos*]" = UIStatusBarStyleDefault;
				"INFOPLIST_KEY_UIStatusBarStyle[sdk=iphonesimulator*]" = UIStatusBarStyleDefault;
				INFOPLIST_KEY_UISupportedInterfaceOrientations_iPad = "UIInterfaceOrientationPortrait UIInterfaceOrientationPortraitUpsideDown UIInterfaceOrientationLandscapeLeft UIInterfaceOrientationLandscapeRight";
				INFOPLIST_KEY_UISupportedInterfaceOrientations_iPhone = "UIInterfaceOrientationPortrait UIInterfaceOrientationLandscapeLeft UIInterfaceOrientationLandscapeRight";
				IPHONEOS_DEPLOYMENT_TARGET = 17.2;
				LD_RUNPATH_SEARCH_PATHS = "@executable_path/Frameworks";
				"LD_RUNPATH_SEARCH_PATHS[sdk=macosx*]" = "@executable_path/../Frameworks";
				MACOSX_DEPLOYMENT_TARGET = 14.2;
				MARKETING_VERSION = 1.0;
				PRODUCT_BUNDLE_IDENTIFIER = com.ywc.QuickClips;
				PRODUCT_NAME = "$(TARGET_NAME)";
				SDKROOT = auto;
				SUPPORTED_PLATFORMS = "iphoneos iphonesimulator macosx";
				SWIFT_EMIT_LOC_STRINGS = YES;
				SWIFT_VERSION = 5.0;
				TARGETED_DEVICE_FAMILY = "1,2";
			};
			name = Debug;
		};
		29CEFFAE2C306272007A6051 /* Release */ = {
			isa = XCBuildConfiguration;
			buildSettings = {
				ASSETCATALOG_COMPILER_APPICON_NAME = AppIcon;
				ASSETCATALOG_COMPILER_GLOBAL_ACCENT_COLOR_NAME = AccentColor;
				CODE_SIGN_ENTITLEMENTS = QuickClips/QuickClips.entitlements;
				CODE_SIGN_STYLE = Automatic;
				CURRENT_PROJECT_VERSION = 1;
				DEVELOPMENT_ASSET_PATHS = "\"QuickClips/Preview Content\"";
				DEVELOPMENT_TEAM = K6U638A2QB;
				ENABLE_HARDENED_RUNTIME = YES;
				ENABLE_PREVIEWS = YES;
				GENERATE_INFOPLIST_FILE = YES;
				"INFOPLIST_KEY_UIApplicationSceneManifest_Generation[sdk=iphoneos*]" = YES;
				"INFOPLIST_KEY_UIApplicationSceneManifest_Generation[sdk=iphonesimulator*]" = YES;
				"INFOPLIST_KEY_UIApplicationSupportsIndirectInputEvents[sdk=iphoneos*]" = YES;
				"INFOPLIST_KEY_UIApplicationSupportsIndirectInputEvents[sdk=iphonesimulator*]" = YES;
				"INFOPLIST_KEY_UILaunchScreen_Generation[sdk=iphoneos*]" = YES;
				"INFOPLIST_KEY_UILaunchScreen_Generation[sdk=iphonesimulator*]" = YES;
				"INFOPLIST_KEY_UIStatusBarStyle[sdk=iphoneos*]" = UIStatusBarStyleDefault;
				"INFOPLIST_KEY_UIStatusBarStyle[sdk=iphonesimulator*]" = UIStatusBarStyleDefault;
				INFOPLIST_KEY_UISupportedInterfaceOrientations_iPad = "UIInterfaceOrientationPortrait UIInterfaceOrientationPortraitUpsideDown UIInterfaceOrientationLandscapeLeft UIInterfaceOrientationLandscapeRight";
				INFOPLIST_KEY_UISupportedInterfaceOrientations_iPhone = "UIInterfaceOrientationPortrait UIInterfaceOrientationLandscapeLeft UIInterfaceOrientationLandscapeRight";
				IPHONEOS_DEPLOYMENT_TARGET = 17.2;
				LD_RUNPATH_SEARCH_PATHS = "@executable_path/Frameworks";
				"LD_RUNPATH_SEARCH_PATHS[sdk=macosx*]" = "@executable_path/../Frameworks";
				MACOSX_DEPLOYMENT_TARGET = 14.2;
				MARKETING_VERSION = 1.0;
				PRODUCT_BUNDLE_IDENTIFIER = com.ywc.QuickClips;
				PRODUCT_NAME = "$(TARGET_NAME)";
				SDKROOT = auto;
				SUPPORTED_PLATFORMS = "iphoneos iphonesimulator macosx";
				SWIFT_EMIT_LOC_STRINGS = YES;
				SWIFT_VERSION = 5.0;
				TARGETED_DEVICE_FAMILY = "1,2";
			};
			name = Release;
		};
		29CEFFB02C306272007A6051 /* Debug */ = {
			isa = XCBuildConfiguration;
			buildSettings = {
				ALWAYS_EMBED_SWIFT_STANDARD_LIBRARIES = YES;
				BUNDLE_LOADER = "$(TEST_HOST)";
				CODE_SIGN_STYLE = Automatic;
				CURRENT_PROJECT_VERSION = 1;
				DEVELOPMENT_TEAM = K6U638A2QB;
				GENERATE_INFOPLIST_FILE = YES;
				IPHONEOS_DEPLOYMENT_TARGET = 17.2;
				MACOSX_DEPLOYMENT_TARGET = 14.2;
				MARKETING_VERSION = 1.0;
				PRODUCT_BUNDLE_IDENTIFIER = com.ywc.QuickClipsTests;
				PRODUCT_NAME = "$(TARGET_NAME)";
				SDKROOT = auto;
				SUPPORTED_PLATFORMS = "iphoneos iphonesimulator macosx";
				SWIFT_EMIT_LOC_STRINGS = NO;
				SWIFT_VERSION = 5.0;
				TARGETED_DEVICE_FAMILY = "1,2";
				TEST_HOST = "$(BUILT_PRODUCTS_DIR)/QuickClips.app/$(BUNDLE_EXECUTABLE_FOLDER_PATH)/QuickClips";
			};
			name = Debug;
		};
		29CEFFB12C306272007A6051 /* Release */ = {
			isa = XCBuildConfiguration;
			buildSettings = {
				ALWAYS_EMBED_SWIFT_STANDARD_LIBRARIES = YES;
				BUNDLE_LOADER = "$(TEST_HOST)";
				CODE_SIGN_STYLE = Automatic;
				CURRENT_PROJECT_VERSION = 1;
				DEVELOPMENT_TEAM = K6U638A2QB;
				GENERATE_INFOPLIST_FILE = YES;
				IPHONEOS_DEPLOYMENT_TARGET = 17.2;
				MACOSX_DEPLOYMENT_TARGET = 14.2;
				MARKETING_VERSION = 1.0;
				PRODUCT_BUNDLE_IDENTIFIER = com.ywc.QuickClipsTests;
				PRODUCT_NAME = "$(TARGET_NAME)";
				SDKROOT = auto;
				SUPPORTED_PLATFORMS = "iphoneos iphonesimulator macosx";
				SWIFT_EMIT_LOC_STRINGS = NO;
				SWIFT_VERSION = 5.0;
				TARGETED_DEVICE_FAMILY = "1,2";
				TEST_HOST = "$(BUILT_PRODUCTS_DIR)/QuickClips.app/$(BUNDLE_EXECUTABLE_FOLDER_PATH)/QuickClips";
			};
			name = Release;
		};
		29CEFFB32C306272007A6051 /* Debug */ = {
			isa = XCBuildConfiguration;
			buildSettings = {
				ALWAYS_EMBED_SWIFT_STANDARD_LIBRARIES = YES;
				CODE_SIGN_STYLE = Automatic;
				CURRENT_PROJECT_VERSION = 1;
				DEVELOPMENT_TEAM = K6U638A2QB;
				GENERATE_INFOPLIST_FILE = YES;
				IPHONEOS_DEPLOYMENT_TARGET = 17.2;
				MACOSX_DEPLOYMENT_TARGET = 14.2;
				MARKETING_VERSION = 1.0;
				PRODUCT_BUNDLE_IDENTIFIER = com.ywc.QuickClipsUITests;
				PRODUCT_NAME = "$(TARGET_NAME)";
				SDKROOT = auto;
				SUPPORTED_PLATFORMS = "iphoneos iphonesimulator macosx";
				SWIFT_EMIT_LOC_STRINGS = NO;
				SWIFT_VERSION = 5.0;
				TARGETED_DEVICE_FAMILY = "1,2";
				TEST_TARGET_NAME = QuickClips;
			};
			name = Debug;
		};
		29CEFFB42C306272007A6051 /* Release */ = {
			isa = XCBuildConfiguration;
			buildSettings = {
				ALWAYS_EMBED_SWIFT_STANDARD_LIBRARIES = YES;
				CODE_SIGN_STYLE = Automatic;
				CURRENT_PROJECT_VERSION = 1;
				DEVELOPMENT_TEAM = K6U638A2QB;
				GENERATE_INFOPLIST_FILE = YES;
				IPHONEOS_DEPLOYMENT_TARGET = 17.2;
				MACOSX_DEPLOYMENT_TARGET = 14.2;
				MARKETING_VERSION = 1.0;
				PRODUCT_BUNDLE_IDENTIFIER = com.ywc.QuickClipsUITests;
				PRODUCT_NAME = "$(TARGET_NAME)";
				SDKROOT = auto;
				SUPPORTED_PLATFORMS = "iphoneos iphonesimulator macosx";
				SWIFT_EMIT_LOC_STRINGS = NO;
				SWIFT_VERSION = 5.0;
				TARGETED_DEVICE_FAMILY = "1,2";
				TEST_TARGET_NAME = QuickClips;
			};
			name = Release;
		};
/* End XCBuildConfiguration section */

/* Begin XCConfigurationList section */
		29CEFF822C306271007A6051 /* Build configuration list for PBXProject "QuickClips" */ = {
			isa = XCConfigurationList;
			buildConfigurations = (
				29CEFFAA2C306272007A6051 /* Debug */,
				29CEFFAB2C306272007A6051 /* Release */,
			);
			defaultConfigurationIsVisible = 0;
			defaultConfigurationName = Release;
		};
		29CEFFAC2C306272007A6051 /* Build configuration list for PBXNativeTarget "QuickClips" */ = {
			isa = XCConfigurationList;
			buildConfigurations = (
				29CEFFAD2C306272007A6051 /* Debug */,
				29CEFFAE2C306272007A6051 /* Release */,
			);
			defaultConfigurationIsVisible = 0;
			defaultConfigurationName = Release;
		};
		29CEFFAF2C306272007A6051 /* Build configuration list for PBXNativeTarget "QuickClipsTests" */ = {
			isa = XCConfigurationList;
			buildConfigurations = (
				29CEFFB02C306272007A6051 /* Debug */,
				29CEFFB12C306272007A6051 /* Release */,
			);
			defaultConfigurationIsVisible = 0;
			defaultConfigurationName = Release;
		};
		29CEFFB22C306272007A6051 /* Build configuration list for PBXNativeTarget "QuickClipsUITests" */ = {
			isa = XCConfigurationList;
			buildConfigurations = (
				29CEFFB32C306272007A6051 /* Debug */,
				29CEFFB42C306272007A6051 /* Release */,
			);
			defaultConfigurationIsVisible = 0;
			defaultConfigurationName = Release;
		};
/* End XCConfigurationList section */
	};
	rootObject = 29CEFF7F2C306271007A6051 /* Project object */;
}
